dependencies:
- name: postgresql
  repository: https://charts.bitnami.com/bitnami
  version: 11.9.1
- name: redis
  repository: https://charts.bitnami.com/bitnami
  version: 17.1.6
digest: sha256:3d40269d486ddbb2083e23b307ac19258fb9463a3ab732befb143d1e138302b9
generated: "2022-09-20T07:49:41.533331+02:00"
