dependencies:
- name: postgresql
  repository: https://charts.bitnami.com/bitnami
  version: 11.9.7
- name: redis
  repository: https://charts.bitnami.com/bitnami
  version: 17.3.2
digest: sha256:336649a855405640f3b3fead29944f29b7ab78eb0aa6eca8c9a61c5d00067c94
generated: "2022-10-06T07:28:21.027481+02:00"
